PODS:
  - Sourcery (1.0.3)
  - SwiftyMocky (4.0.4):
    - Sourcery (~> 1.0.2)

DEPENDENCIES:
  - SwiftyMocky

SPEC REPOS:
  trunk:
    - Sourcery
    - SwiftyMocky

SPEC CHECKSUMS:
  Sourcery: 70a6048014bd4f37ea80e6bd4354d47bf3b760e1
  SwiftyMocky: 1fb3ceca9ded134dad4da58a0f20023d7f685ccf

PODFILE CHECKSUM: 5d667a673628da5276e43b835f8c7e98a476e4cd

COCOAPODS: 1.11.0
